// !$*UTF8*$!
{
	archiveVersion = 1;
	classes = {
	};
	objectVersion = 46;
	objects = {

/* Begin PBXBuildFile section */
		DC3CA6241F26A522008F3A7D /* AppDelegate.swift in Sources */ = {isa = PBXBuildFile; fileRef = DC3CA6231F26A522008F3A7D /* AppDelegate.swift */; };
		DC3CA6261F26A522008F3A7D /* ViewController.swift in Sources */ = {isa = PBXBuildFile; fileRef = DC3CA6251F26A522008F3A7D /* ViewController.swift */; };
		DC3CA6291F26A522008F3A7D /* Main.storyboard in Resources */ = {isa = PBXBuildFile; fileRef = DC3CA6271F26A522008F3A7D /* Main.storyboard */; };
		DC3CA62B1F26A522008F3A7D /* Assets.xcassets in Resources */ = {isa = PBXBuildFile; fileRef = DC3CA62A1F26A522008F3A7D /* Assets.xcassets */; };
		DC3CA62E1F26A522008F3A7D /* LaunchScreen.storyboard in Resources */ = {isa = PBXBuildFile; fileRef = DC3CA62C1F26A522008F3A7D /* LaunchScreen.storyboard */; };
		DC3CA6391F26A522008F3A7D /* ios_collectionview_browser2Tests.swift in Sources */ = {isa = PBXBuildFile; fileRef = DC3CA6381F26A522008F3A7D /* ios_collectionview_browser2Tests.swift */; };
		DC3CA6441F26A522008F3A7D /* ios_collectionview_browser2UITests.swift in Sources */ = {isa = PBXBuildFile; fileRef = DC3CA6431F26A522008F3A7D /* ios_collectionview_browser2UITests.swift */; };
		DC3CA6521F26AA64008F3A7D /* CollectionViewCell.swift in Sources */ = {isa = PBXBuildFile; fileRef = DC3CA6511F26AA64008F3A7D /* CollectionViewCell.swift */; };
/* End PBXBuildFile section */

/* Begin PBXContainerItemProxy section */
		DC3CA6351F26A522008F3A7D /* PBXContainerItemProxy */ = {
			isa = PBXContainerItemProxy;
			containerPortal = DC3CA6181F26A522008F3A7D /* Project object */;
			proxyType = 1;
			remoteGlobalIDString = DC3CA61F1F26A522008F3A7D;
			remoteInfo = ios_collectionview_browser2;
		};
		DC3CA6401F26A522008F3A7D /* PBXContainerItemProxy */ = {
			isa = PBXContainerItemProxy;
			containerPortal = DC3CA6181F26A522008F3A7D /* Project object */;
			proxyType = 1;
			remoteGlobalIDString = DC3CA61F1F26A522008F3A7D;
			remoteInfo = ios_collectionview_browser2;
		};
/* End PBXContainerItemProxy section */

/* Begin PBXFileReference section */
		DC3CA6201F26A522008F3A7D /* ios_collectionview_browser2.app */ = {isa = PBXFileReference; explicitFileType = wrapper.application; includeInIndex = 0; path = ios_collectionview_browser2.app; sourceTree = BUILT_PRODUCTS_DIR; };
		DC3CA6231F26A522008F3A7D /* AppDelegate.swift */ = {isa = PBXFileReference; lastKnownFileType = sourcecode.swift; path = AppDelegate.swift; sourceTree = "<group>"; };
		DC3CA6251F26A522008F3A7D /* ViewController.swift */ = {isa = PBXFileReference; lastKnownFileType = sourcecode.swift; path = ViewController.swift; sourceTree = "<group>"; };
		DC3CA6281F26A522008F3A7D /* Base */ = {isa = PBXFileReference; lastKnownFileType = file.storyboard; name = Base; path = Base.lproj/Main.storyboard; sourceTree = "<group>"; };
		DC3CA62A1F26A522008F3A7D /* Assets.xcassets */ = {isa = PBXFileReference; lastKnownFileType = folder.assetcatalog; path = Assets.xcassets; sourceTree = "<group>"; };
		DC3CA62D1F26A522008F3A7D /* Base */ = {isa = PBXFileReference; lastKnownFileType = file.storyboard; name = Base; path = Base.lproj/LaunchScreen.storyboard; sourceTree = "<group>"; };
		DC3CA62F1F26A522008F3A7D /* Info.plist */ = {isa = PBXFileReference; lastKnownFileType = text.plist.xml; path = Info.plist; sourceTree = "<group>"; };
		DC3CA6341F26A522008F3A7D /* ios_collectionview_browser2Tests.xctest */ = {isa = PBXFileReference; explicitFileType = wrapper.cfbundle; includeInIndex = 0; path = ios_collectionview_browser2Tests.xctest; sourceTree = BUILT_PRODUCTS_DIR; };
		DC3CA6381F26A522008F3A7D /* ios_collectionview_browser2Tests.swift */ = {isa = PBXFileReference; lastKnownFileType = sourcecode.swift; path = ios_collectionview_browser2Tests.swift; sourceTree = "<group>"; };
		DC3CA63A1F26A522008F3A7D /* Info.plist */ = {isa = PBXFileReference; lastKnownFileType = text.plist.xml; path = Info.plist; sourceTree = "<group>"; };
		DC3CA63F1F26A522008F3A7D /* ios_collectionview_browser2UITests.xctest */ = {isa = PBXFileReference; explicitFileType = wrapper.cfbundle; includeInIndex = 0; path = ios_collectionview_browser2UITests.xctest; sourceTree = BUILT_PRODUCTS_DIR; };
		DC3CA6431F26A522008F3A7D /* ios_collectionview_browser2UITests.swift */ = {isa = PBXFileReference; lastKnownFileType = sourcecode.swift; path = ios_collectionview_browser2UITests.swift; sourceTree = "<group>"; };
		DC3CA6451F26A522008F3A7D /* Info.plist */ = {isa = PBXFileReference; lastKnownFileType = text.plist.xml; path = Info.plist; sourceTree = "<group>"; };
		DC3CA6511F26AA64008F3A7D /* CollectionViewCell.swift */ = {isa = PBXFileReference; fileEncoding = 4; lastKnownFileType = sourcecode.swift; path = CollectionViewCell.swift; sourceTree = "<group>"; };
/* End PBXFileReference section */

/* Begin PBXFrameworksBuildPhase section */
		DC3CA61D1F26A522008F3A7D /* Frameworks */ = {
			isa = PBXFrameworksBuildPhase;
			buildActionMask = 2147483647;
			files = (
			);
			runOnlyForDeploymentPostprocessing = 0;
		};
		DC3CA6311F26A522008F3A7D /* Frameworks */ = {
			isa = PBXFrameworksBuildPhase;
			buildActionMask = 2147483647;
			files = (
			);
			runOnlyForDeploymentPostprocessing = 0;
		};
		DC3CA63C1F26A522008F3A7D /* Frameworks */ = {
			isa = PBXFrameworksBuildPhase;
			buildActionMask = 2147483647;
			files = (
			);
			runOnlyForDeploymentPostprocessing = 0;
		};
/* End PBXFrameworksBuildPhase section */

/* Begin PBXGroup section */
		DC3CA6171F26A522008F3A7D = {
			isa = PBXGroup;
			children = (
				DC3CA6221F26A522008F3A7D /* ios_collectionview_browser2 */,
				DC3CA6371F26A522008F3A7D /* ios_collectionview_browser2Tests */,
				DC3CA6421F26A522008F3A7D /* ios_collectionview_browser2UITests */,
				DC3CA6211F26A522008F3A7D /* Products */,
			);
			sourceTree = "<group>";
		};
		DC3CA6211F26A522008F3A7D /* Products */ = {
			isa = PBXGroup;
			children = (
				DC3CA6201F26A522008F3A7D /* ios_collectionview_browser2.app */,
				DC3CA6341F26A522008F3A7D /* ios_collectionview_browser2Tests.xctest */,
				DC3CA63F1F26A522008F3A7D /* ios_collectionview_browser2UITests.xctest */,
			);
			name = Products;
			sourceTree = "<group>";
		};
		DC3CA6221F26A522008F3A7D /* ios_collectionview_browser2 */ = {
			isa = PBXGroup;
			children = (
				DC3CA6231F26A522008F3A7D /* AppDelegate.swift */,
				DC3CA6251F26A522008F3A7D /* ViewController.swift */,
				DC3CA6511F26AA64008F3A7D /* CollectionViewCell.swift */,
				DC3CA6271F26A522008F3A7D /* Main.storyboard */,
				DC3CA62A1F26A522008F3A7D /* Assets.xcassets */,
				DC3CA62C1F26A522008F3A7D /* LaunchScreen.storyboard */,
				DC3CA62F1F26A522008F3A7D /* Info.plist */,
			);
			path = ios_collectionview_browser2;
			sourceTree = "<group>";
		};
		DC3CA6371F26A522008F3A7D /* ios_collectionview_browser2Tests */ = {
			isa = PBXGroup;
			children = (
				DC3CA6381F26A522008F3A7D /* ios_collectionview_browser2Tests.swift */,
				DC3CA63A1F26A522008F3A7D /* Info.plist */,
			);
			path = ios_collectionview_browser2Tests;
			sourceTree = "<group>";
		};
		DC3CA6421F26A522008F3A7D /* ios_collectionview_browser2UITests */ = {
			isa = PBXGroup;
			children = (
				DC3CA6431F26A522008F3A7D /* ios_collectionview_browser2UITests.swift */,
				DC3CA6451F26A522008F3A7D /* Info.plist */,
			);
			path = ios_collectionview_browser2UITests;
			sourceTree = "<group>";
		};
/* End PBXGroup section */

/* Begin PBXNativeTarget section */
		DC3CA61F1F26A522008F3A7D /* ios_collectionview_browser2 */ = {
			isa = PBXNativeTarget;
			buildConfigurationList = DC3CA6481F26A522008F3A7D /* Build configuration list for PBXNativeTarget "ios_collectionview_browser2" */;
			buildPhases = (
				DC3CA61C1F26A522008F3A7D /* Sources */,
				DC3CA61D1F26A522008F3A7D /* Frameworks */,
				DC3CA61E1F26A522008F3A7D /* Resources */,
			);
			buildRules = (
			);
			dependencies = (
			);
			name = ios_collectionview_browser2;
			productName = ios_collectionview_browser2;
			productReference = DC3CA6201F26A522008F3A7D /* ios_collectionview_browser2.app */;
			productType = "com.apple.product-type.application";
		};
		DC3CA6331F26A522008F3A7D /* ios_collectionview_browser2Tests */ = {
			isa = PBXNativeTarget;
			buildConfigurationList = DC3CA64B1F26A522008F3A7D /* Build configuration list for PBXNativeTarget "ios_collectionview_browser2Tests" */;
			buildPhases = (
				DC3CA6301F26A522008F3A7D /* Sources */,
				DC3CA6311F26A522008F3A7D /* Frameworks */,
				DC3CA6321F26A522008F3A7D /* Resources */,
			);
			buildRules = (
			);
			dependencies = (
				DC3CA6361F26A522008F3A7D /* PBXTargetDependency */,
			);
			name = ios_collectionview_browser2Tests;
			productName = ios_collectionview_browser2Tests;
			productReference = DC3CA6341F26A522008F3A7D /* ios_collectionview_browser2Tests.xctest */;
			productType = "com.apple.product-type.bundle.unit-test";
		};
		DC3CA63E1F26A522008F3A7D /* ios_collectionview_browser2UITests */ = {
			isa = PBXNativeTarget;
			buildConfigurationList = DC3CA64E1F26A522008F3A7D /* Build configuration list for PBXNativeTarget "ios_collectionview_browser2UITests" */;
			buildPhases = (
				DC3CA63B1F26A522008F3A7D /* Sources */,
				DC3CA63C1F26A522008F3A7D /* Frameworks */,
				DC3CA63D1F26A522008F3A7D /* Resources */,
			);
			buildRules = (
			);
			dependencies = (
				DC3CA6411F26A522008F3A7D /* PBXTargetDependency */,
			);
			name = ios_collectionview_browser2UITests;
			productName = ios_collectionview_browser2UITests;
			productReference = DC3CA63F1F26A522008F3A7D /* ios_collectionview_browser2UITests.xctest */;
			productType = "com.apple.product-type.bundle.ui-testing";
		};
/* End PBXNativeTarget section */

/* Begin PBXProject section */
		DC3CA6181F26A522008F3A7D /* Project object */ = {
			isa = PBXProject;
			attributes = {
				LastSwiftUpdateCheck = 0830;
				LastUpgradeCheck = 0830;
				ORGANIZATIONNAME = "川合弘敏";
				TargetAttributes = {
					DC3CA61F1F26A522008F3A7D = {
						CreatedOnToolsVersion = 8.3.3;
						ProvisioningStyle = Automatic;
					};
					DC3CA6331F26A522008F3A7D = {
						CreatedOnToolsVersion = 8.3.3;
						ProvisioningStyle = Automatic;
						TestTargetID = DC3CA61F1F26A522008F3A7D;
					};
					DC3CA63E1F26A522008F3A7D = {
						CreatedOnToolsVersion = 8.3.3;
						ProvisioningStyle = Automatic;
						TestTargetID = DC3CA61F1F26A522008F3A7D;
					};
				};
			};
			buildConfigurationList = DC3CA61B1F26A522008F3A7D /* Build configuration list for PBXProject "ios_collectionview_browser2" */;
			compatibilityVersion = "Xcode 3.2";
			developmentRegion = English;
			hasScannedForEncodings = 0;
			knownRegions = (
				en,
				Base,
			);
			mainGroup = DC3CA6171F26A522008F3A7D;
			productRefGroup = DC3CA6211F26A522008F3A7D /* Products */;
			projectDirPath = "";
			projectRoot = "";
			targets = (
				DC3CA61F1F26A522008F3A7D /* ios_collectionview_browser2 */,
				DC3CA6331F26A522008F3A7D /* ios_collectionview_browser2Tests */,
				DC3CA63E1F26A522008F3A7D /* ios_collectionview_browser2UITests */,
			);
		};
/* End PBXProject section */

/* Begin PBXResourcesBuildPhase section */
		DC3CA61E1F26A522008F3A7D /* Resources */ = {
			isa = PBXResourcesBuildPhase;
			buildActionMask = 2147483647;
			files = (
				DC3CA62E1F26A522008F3A7D /* LaunchScreen.storyboard in Resources */,
				DC3CA62B1F26A522008F3A7D /* Assets.xcassets in Resources */,
				DC3CA6291F26A522008F3A7D /* Main.storyboard in Resources */,
			);
			runOnlyForDeploymentPostprocessing = 0;
		};
		DC3CA6321F26A522008F3A7D /* Resources */ = {
			isa = PBXResourcesBuildPhase;
			buildActionMask = 2147483647;
			files = (
			);
			runOnlyForDeploymentPostprocessing = 0;
		};
		DC3CA63D1F26A522008F3A7D /* Resources */ = {
			isa = PBXResourcesBuildPhase;
			buildActionMask = 2147483647;
			files = (
			);
			runOnlyForDeploymentPostprocessing = 0;
		};
/* End PBXResourcesBuildPhase section */

/* Begin PBXSourcesBuildPhase section */
		DC3CA61C1F26A522008F3A7D /* Sources */ = {
			isa = PBXSourcesBuildPhase;
			buildActionMask = 2147483647;
			files = (
				DC3CA6261F26A522008F3A7D /* ViewController.swift in Sources */,
				DC3CA6241F26A522008F3A7D /* AppDelegate.swift in Sources */,
				DC3CA6521F26AA64008F3A7D /* CollectionViewCell.swift in Sources */,
			);
			runOnlyForDeploymentPostprocessing = 0;
		};
		DC3CA6301F26A522008F3A7D /* Sources */ = {
			isa = PBXSourcesBuildPhase;
			buildActionMask = 2147483647;
			files = (
				DC3CA6391F26A522008F3A7D /* ios_collectionview_browser2Tests.swift in Sources */,
			);
			runOnlyForDeploymentPostprocessing = 0;
		};
		DC3CA63B1F26A522008F3A7D /* Sources */ = {
			isa = PBXSourcesBuildPhase;
			buildActionMask = 2147483647;
			files = (
				DC3CA6441F26A522008F3A7D /* ios_collectionview_browser2UITests.swift in Sources */,
			);
			runOnlyForDeploymentPostprocessing = 0;
		};
/* End PBXSourcesBuildPhase section */

/* Begin PBXTargetDependency section */
		DC3CA6361F26A522008F3A7D /* PBXTargetDependency */ = {
			isa = PBXTargetDependency;
			target = DC3CA61F1F26A522008F3A7D /* ios_collectionview_browser2 */;
			targetProxy = DC3CA6351F26A522008F3A7D /* PBXContainerItemProxy */;
		};
		DC3CA6411F26A522008F3A7D /* PBXTargetDependency */ = {
			isa = PBXTargetDependency;
			target = DC3CA61F1F26A522008F3A7D /* ios_collectionview_browser2 */;
			targetProxy = DC3CA6401F26A522008F3A7D /* PBXContainerItemProxy */;
		};
/* End PBXTargetDependency section */

/* Begin PBXVariantGroup section */
		DC3CA6271F26A522008F3A7D /* Main.storyboard */ = {
			isa = PBXVariantGroup;
			children = (
				DC3CA6281F26A522008F3A7D /* Base */,
			);
			name = Main.storyboard;
			sourceTree = "<group>";
		};
		DC3CA62C1F26A522008F3A7D /* LaunchScreen.storyboard */ = {
			isa = PBXVariantGroup;
			children = (
				DC3CA62D1F26A522008F3A7D /* Base */,
			);
			name = LaunchScreen.storyboard;
			sourceTree = "<group>";
		};
/* End PBXVariantGroup section */

/* Begin XCBuildConfiguration section */
		DC3CA6461F26A522008F3A7D /* Debug */ = {
			isa = XCBuildConfiguration;
			buildSettings = {
				ALWAYS_SEARCH_USER_PATHS = NO;
				CLANG_ANALYZER_NONNULL = YES;
				CLANG_ANALYZER_NUMBER_OBJECT_CONVERSION = YES_AGGRESSIVE;
				CLANG_CXX_LANGUAGE_STANDARD = "gnu++0x";
				CLANG_CXX_LIBRARY = "libc++";
				CLANG_ENABLE_MODULES = YES;
				CLANG_ENABLE_OBJC_ARC = YES;
				CLANG_WARN_BOOL_CONVERSION = YES;
				CLANG_WARN_CONSTANT_CONVERSION = YES;
				CLANG_WARN_DIRECT_OBJC_ISA_USAGE = YES_ERROR;
				CLANG_WARN_DOCUMENTATION_COMMENTS = YES;
				CLANG_WARN_EMPTY_BODY = YES;
				CLANG_WARN_ENUM_CONVERSION = YES;
				CLANG_WARN_INFINITE_RECURSION = YES;
				CLANG_WARN_INT_CONVERSION = YES;
				CLANG_WARN_OBJC_ROOT_CLASS = YES_ERROR;
				CLANG_WARN_SUSPICIOUS_MOVE = YES;
				CLANG_WARN_UNREACHABLE_CODE = YES;
				CLANG_WARN__DUPLICATE_METHOD_MATCH = YES;
				"CODE_SIGN_IDENTITY[sdk=iphoneos*]" = "iPhone Developer";
				COPY_PHASE_STRIP = NO;
				DEBUG_INFORMATION_FORMAT = dwarf;
				ENABLE_STRICT_OBJC_MSGSEND = YES;
				ENABLE_TESTABILITY = YES;
				GCC_C_LANGUAGE_STANDARD = gnu99;
				GCC_DYNAMIC_NO_PIC = NO;
				GCC_NO_COMMON_BLOCKS = YES;
				GCC_OPTIMIZATION_LEVEL = 0;
				GCC_PREPROCESSOR_DEFINITIONS = (
					"DEBUG=1",
					"$(inherited)",
				);
				GCC_WARN_64_TO_32_BIT_CONVERSION = YES;
				GCC_WARN_ABOUT_RETURN_TYPE = YES_ERROR;
				GCC_WARN_UNDECLARED_SELECTOR = YES;
				GCC_WARN_UNINITIALIZED_AUTOS = YES_AGGRESSIVE;
				GCC_WARN_UNUSED_FUNCTION = YES;
				GCC_WARN_UNUSED_VARIABLE = YES;
				IPHONEOS_DEPLOYMENT_TARGET = 10.3;
				MTL_ENABLE_DEBUG_INFO = YES;
				ONLY_ACTIVE_ARCH = YES;
				SDKROOT = iphoneos;
				SWIFT_ACTIVE_COMPILATION_CONDITIONS = DEBUG;
				SWIFT_OPTIMIZATION_LEVEL = "-Onone";
				TARGETED_DEVICE_FAMILY = "1,2";
			};
			name = Debug;
		};
		DC3CA6471F26A522008F3A7D /* Release */ = {
			isa = XCBuildConfiguration;
			buildSettings = {
				ALWAYS_SEARCH_USER_PATHS = NO;
				CLANG_ANALYZER_NONNULL = YES;
				CLANG_ANALYZER_NUMBER_OBJECT_CONVERSION = YES_AGGRESSIVE;
				CLANG_CXX_LANGUAGE_STANDARD = "gnu++0x";
				CLANG_CXX_LIBRARY = "libc++";
				CLANG_ENABLE_MODULES = YES;
				CLANG_ENABLE_OBJC_ARC = YES;
				CLANG_WARN_BOOL_CONVERSION = YES;
				CLANG_WARN_CONSTANT_CONVERSION = YES;
				CLANG_WARN_DIRECT_OBJC_ISA_USAGE = YES_ERROR;
				CLANG_WARN_DOCUMENTATION_COMMENTS = YES;
				CLANG_WARN_EMPTY_BODY = YES;
				CLANG_WARN_ENUM_CONVERSION = YES;
				CLANG_WARN_INFINITE_RECURSION = YES;
				CLANG_WARN_INT_CONVERSION = YES;
				CLANG_WARN_OBJC_ROOT_CLASS = YES_ERROR;
				CLANG_WARN_SUSPICIOUS_MOVE = YES;
				CLANG_WARN_UNREACHABLE_CODE = YES;
				CLANG_WARN__DUPLICATE_METHOD_MATCH = YES;
				"CODE_SIGN_IDENTITY[sdk=iphoneos*]" = "iPhone Developer";
				COPY_PHASE_STRIP = NO;
				DEBUG_INFORMATION_FORMAT = "dwarf-with-dsym";
				ENABLE_NS_ASSERTIONS = NO;
				ENABLE_STRICT_OBJC_MSGSEND = YES;
				GCC_C_LANGUAGE_STANDARD = gnu99;
				GCC_NO_COMMON_BLOCKS = YES;
				GCC_WARN_64_TO_32_BIT_CONVERSION = YES;
				GCC_WARN_ABOUT_RETURN_TYPE = YES_ERROR;
				GCC_WARN_UNDECLARED_SELECTOR = YES;
				GCC_WARN_UNINITIALIZED_AUTOS = YES_AGGRESSIVE;
				GCC_WARN_UNUSED_FUNCTION = YES;
				GCC_WARN_UNUSED_VARIABLE = YES;
				IPHONEOS_DEPLOYMENT_TARGET = 10.3;
				MTL_ENABLE_DEBUG_INFO = NO;
				SDKROOT = iphoneos;
				SWIFT_OPTIMIZATION_LEVEL = "-Owholemodule";
				TARGETED_DEVICE_FAMILY = "1,2";
				VALIDATE_PRODUCT = YES;
			};
			name = Release;
		};
		DC3CA6491F26A522008F3A7D /* Debug */ = {
			isa = XCBuildConfiguration;
			buildSettings = {
				ASSETCATALOG_COMPILER_APPICON_NAME = AppIcon;
				INFOPLIST_FILE = ios_collectionview_browser2/Info.plist;
				LD_RUNPATH_SEARCH_PATHS = "$(inherited) @executable_path/Frameworks";
				PRODUCT_BUNDLE_IDENTIFIER = "com.bnr.ios-collectionview-browser.ios-collectionview-browser2";
				PRODUCT_NAME = "$(TARGET_NAME)";
				SWIFT_VERSION = 3.0;
			};
			name = Debug;
		};
		DC3CA64A1F26A522008F3A7D /* Release */ = {
			isa = XCBuildConfiguration;
			buildSettings = {
				ASSETCATALOG_COMPILER_APPICON_NAME = AppIcon;
				INFOPLIST_FILE = ios_collectionview_browser2/Info.plist;
				LD_RUNPATH_SEARCH_PATHS = "$(inherited) @executable_path/Frameworks";
				PRODUCT_BUNDLE_IDENTIFIER = "com.bnr.ios-collectionview-browser.ios-collectionview-browser2";
				PRODUCT_NAME = "$(TARGET_NAME)";
				SWIFT_VERSION = 3.0;
			};
			name = Release;
		};
		DC3CA64C1F26A522008F3A7D /* Debug */ = {
			isa = XCBuildConfiguration;
			buildSettings = {
				ALWAYS_EMBED_SWIFT_STANDARD_LIBRARIES = YES;
				BUNDLE_LOADER = "$(TEST_HOST)";
				INFOPLIST_FILE = ios_collectionview_browser2Tests/Info.plist;
				LD_RUNPATH_SEARCH_PATHS = "$(inherited) @executable_path/Frameworks @loader_path/Frameworks";
				PRODUCT_BUNDLE_IDENTIFIER = "com.bnr.ios-collectionview-browser.ios-collectionview-browser2Tests";
				PRODUCT_NAME = "$(TARGET_NAME)";
				SWIFT_VERSION = 3.0;
				TEST_HOST = "$(BUILT_PRODUCTS_DIR)/ios_collectionview_browser2.app/ios_collectionview_browser2";
			};
			name = Debug;
		};
		DC3CA64D1F26A522008F3A7D /* Release */ = {
			isa = XCBuildConfiguration;
			buildSettings = {
				ALWAYS_EMBED_SWIFT_STANDARD_LIBRARIES = YES;
				BUNDLE_LOADER = "$(TEST_HOST)";
				INFOPLIST_FILE = ios_collectionview_browser2Tests/Info.plist;
				LD_RUNPATH_SEARCH_PATHS = "$(inherited) @executable_path/Frameworks @loader_path/Frameworks";
				PRODUCT_BUNDLE_IDENTIFIER = "com.bnr.ios-collectionview-browser.ios-collectionview-browser2Tests";
				PRODUCT_NAME = "$(TARGET_NAME)";
				SWIFT_VERSION = 3.0;
				TEST_HOST = "$(BUILT_PRODUCTS_DIR)/ios_collectionview_browser2.app/ios_collectionview_browser2";
			};
			name = Release;
		};
		DC3CA64F1F26A522008F3A7D /* Debug */ = {
			isa = XCBuildConfiguration;
			buildSettings = {
				ALWAYS_EMBED_SWIFT_STANDARD_LIBRARIES = YES;
				INFOPLIST_FILE = ios_collectionview_browser2UITests/Info.plist;
				LD_RUNPATH_SEARCH_PATHS = "$(inherited) @executable_path/Frameworks @loader_path/Frameworks";
				PRODUCT_BUNDLE_IDENTIFIER = "com.bnr.ios-collectionview-browser.ios-collectionview-browser2UITests";
				PRODUCT_NAME = "$(TARGET_NAME)";
				SWIFT_VERSION = 3.0;
				TEST_TARGET_NAME = ios_collectionview_browser2;
			};
			name = Debug;
		};
		DC3CA6501F26A522008F3A7D /* Release */ = {
			isa = XCBuildConfiguration;
			buildSettings = {
				ALWAYS_EMBED_SWIFT_STANDARD_LIBRARIES = YES;
				INFOPLIST_FILE = ios_collectionview_browser2UITests/Info.plist;
				LD_RUNPATH_SEARCH_PATHS = "$(inherited) @executable_path/Frameworks @loader_path/Frameworks";
				PRODUCT_BUNDLE_IDENTIFIER = "com.bnr.ios-collectionview-browser.ios-collectionview-browser2UITests";
				PRODUCT_NAME = "$(TARGET_NAME)";
				SWIFT_VERSION = 3.0;
				TEST_TARGET_NAME = ios_collectionview_browser2;
			};
			name = Release;
		};
/* End XCBuildConfiguration section */

/* Begin XCConfigurationList section */
		DC3CA61B1F26A522008F3A7D /* Build configuration list for PBXProject "ios_collectionview_browser2" */ = {
			isa = XCConfigurationList;
			buildConfigurations = (
				DC3CA6461F26A522008F3A7D /* Debug */,
				DC3CA6471F26A522008F3A7D /* Release */,
			);
			defaultConfigurationIsVisible = 0;
			defaultConfigurationName = Release;
		};
		DC3CA6481F26A522008F3A7D /* Build configuration list for PBXNativeTarget "ios_collectionview_browser2" */ = {
			isa = XCConfigurationList;
			buildConfigurations = (
				DC3CA6491F26A522008F3A7D /* Debug */,
				DC3CA64A1F26A522008F3A7D /* Release */,
			);
			defaultConfigurationIsVisible = 0;
		};
		DC3CA64B1F26A522008F3A7D /* Build configuration list for PBXNativeTarget "ios_collectionview_browser2Tests" */ = {
			isa = XCConfigurationList;
			buildConfigurations = (
				DC3CA64C1F26A522008F3A7D /* Debug */,
				DC3CA64D1F26A522008F3A7D /* Release */,
			);
			defaultConfigurationIsVisible = 0;
		};
		DC3CA64E1F26A522008F3A7D /* Build configuration list for PBXNativeTarget "ios_collectionview_browser2UITests" */ = {
			isa = XCConfigurationList;
			buildConfigurations = (
				DC3CA64F1F26A522008F3A7D /* Debug */,
				DC3CA6501F26A522008F3A7D /* Release */,
			);
			defaultConfigurationIsVisible = 0;
		};
/* End XCConfigurationList section */
	};
	rootObject = DC3CA6181F26A522008F3A7D /* Project object */;
}
